// !$*UTF8*$!
{
	archiveVersion = 1;
	classes = {
	};
	objectVersion = 46;
	objects = {

/* Begin PBXBuildFile section */
		20F0B2561B91A36900EAB35E /* ActivityTableViewController.swift in Sources */ = {isa = PBXBuildFile; fileRef = 20F0B2551B91A36900EAB35E /* ActivityTableViewController.swift */; };
		20F0B2581B91A54700EAB35E /* ActivityDetailViewController.swift in Sources */ = {isa = PBXBuildFile; fileRef = 20F0B2571B91A54700EAB35E /* ActivityDetailViewController.swift */; };
		20F0B25A1B91A5AD00EAB35E /* ActivityDataManager.swift in Sources */ = {isa = PBXBuildFile; fileRef = 20F0B2591B91A5AD00EAB35E /* ActivityDataManager.swift */; };
		20F0B25D1B91A5DE00EAB35E /* ActivityTitleData.m in Sources */ = {isa = PBXBuildFile; fileRef = 20F0B25C1B91A5DE00EAB35E /* ActivityTitleData.m */; };
		20F0B25F1B91A9A400EAB35E /* ActivityTableViewCell.swift in Sources */ = {isa = PBXBuildFile; fileRef = 20F0B25E1B91A9A400EAB35E /* ActivityTableViewCell.swift */; };
		20F0B26F1B91F8B600EAB35E /* ActivityHeaderCell.swift in Sources */ = {isa = PBXBuildFile; fileRef = 20F0B26E1B91F8B600EAB35E /* ActivityHeaderCell.swift */; };
		5B10E81804EC27269E9BA6C3 /* libPods.a in Frameworks */ = {isa = PBXBuildFile; fileRef = 1CF3B7AC6B8688B3F2C46E97 /* libPods.a */; };
		E9203E351B5E761900C17F10 /* main.m in Sources */ = {isa = PBXBuildFile; fileRef = E9203E341B5E761900C17F10 /* main.m */; };
		E9203E381B5E761900C17F10 /* AppDelegate.m in Sources */ = {isa = PBXBuildFile; fileRef = E9203E371B5E761900C17F10 /* AppDelegate.m */; };
		E9203E3E1B5E761900C17F10 /* Main.storyboard in Resources */ = {isa = PBXBuildFile; fileRef = E9203E3C1B5E761900C17F10 /* Main.storyboard */; };
		E9203E401B5E761900C17F10 /* Images.xcassets in Resources */ = {isa = PBXBuildFile; fileRef = E9203E3F1B5E761900C17F10 /* Images.xcassets */; };
		E9203E431B5E761900C17F10 /* LaunchScreen.xib in Resources */ = {isa = PBXBuildFile; fileRef = E9203E411B5E761900C17F10 /* LaunchScreen.xib */; };
		E9203E4F1B5E761900C17F10 /* TJU120Tests.m in Sources */ = {isa = PBXBuildFile; fileRef = E9203E4E1B5E761900C17F10 /* TJU120Tests.m */; };
		E9203E5E1B5E7C4E00C17F10 /* SystemConfiguration.framework in Frameworks */ = {isa = PBXBuildFile; fileRef = E9203E5D1B5E7C4E00C17F10 /* SystemConfiguration.framework */; };
		E9203E631B5E7D1500C17F10 /* TalkViewController.swift in Sources */ = {isa = PBXBuildFile; fileRef = E9203E621B5E7D1500C17F10 /* TalkViewController.swift */; };
		E9203E651B5E82B700C17F10 /* DonateViewController.swift in Sources */ = {isa = PBXBuildFile; fileRef = E9203E641B5E82B700C17F10 /* DonateViewController.swift */; };
		E9203E691B5E87D400C17F10 /* data.m in Sources */ = {isa = PBXBuildFile; fileRef = E9203E681B5E87D400C17F10 /* data.m */; };
		E9F2BFB01B89BD3300C16F26 /* NewsTitleData.m in Sources */ = {isa = PBXBuildFile; fileRef = E9F2BFAF1B89BD3300C16F26 /* NewsTitleData.m */; };
		E9F2BFB31B89BEA000C16F26 /* NewsTableViewController.swift in Sources */ = {isa = PBXBuildFile; fileRef = E9F2BFB21B89BEA000C16F26 /* NewsTableViewController.swift */; };
		E9F2BFB61B89BF2C00C16F26 /* NewsDataManager.swift in Sources */ = {isa = PBXBuildFile; fileRef = E9F2BFB51B89BF2C00C16F26 /* NewsDataManager.swift */; };
		E9F2BFB81B89C3FC00C16F26 /* MsgDisplay.swift in Sources */ = {isa = PBXBuildFile; fileRef = E9F2BFB71B89C3FC00C16F26 /* MsgDisplay.swift */; };
		E9F2BFBA1B89CD2500C16F26 /* NewsDetailViewController.swift in Sources */ = {isa = PBXBuildFile; fileRef = E9F2BFB91B89CD2500C16F26 /* NewsDetailViewController.swift */; };
		E9F2BFC11B89CDAD00C16F26 /* bootstrap.css in Resources */ = {isa = PBXBuildFile; fileRef = E9F2BFBB1B89CDAD00C16F26 /* bootstrap.css */; };
		E9F2BFC21B89CDAD00C16F26 /* bootstrap.min.js in Resources */ = {isa = PBXBuildFile; fileRef = E9F2BFBC1B89CDAD00C16F26 /* bootstrap.min.js */; };
		E9F2BFC51B89CDD100C16F26 /* FrontEndConvertor.swift in Sources */ = {isa = PBXBuildFile; fileRef = E9F2BFC41B89CDD100C16F26 /* FrontEndConvertor.swift */; };
		E9F2BFC71B89DC8900C16F26 /* NewsTableViewCell.swift in Sources */ = {isa = PBXBuildFile; fileRef = E9F2BFC61B89DC8900C16F26 /* NewsTableViewCell.swift */; };
		E9FE84751B8B158700482AE4 /* TabBarController.swift in Sources */ = {isa = PBXBuildFile; fileRef = E9FE84741B8B158700482AE4 /* TabBarController.swift */; };
		E9FE84771B8B16E200482AE4 /* Localizable.strings in Resources */ = {isa = PBXBuildFile; fileRef = E9FE84761B8B16E200482AE4 /* Localizable.strings */; };
/* End PBXBuildFile section */

/* Begin PBXContainerItemProxy section */
		E9203E491B5E761900C17F10 /* PBXContainerItemProxy */ = {
			isa = PBXContainerItemProxy;
			containerPortal = E9203E271B5E761900C17F10 /* Project object */;
			proxyType = 1;
			remoteGlobalIDString = E9203E2E1B5E761900C17F10;
			remoteInfo = TJU120;
		};
/* End PBXContainerItemProxy section */

/* Begin PBXFileReference section */
		1CF3B7AC6B8688B3F2C46E97 /* libPods.a */ = {isa = PBXFileReference; explicitFileType = archive.ar; includeInIndex = 0; path = libPods.a; sourceTree = BUILT_PRODUCTS_DIR; };
		20F0B2551B91A36900EAB35E /* ActivityTableViewController.swift */ = {isa = PBXFileReference; fileEncoding = 4; lastKnownFileType = sourcecode.swift; path = ActivityTableViewController.swift; sourceTree = "<group>"; };
		20F0B2571B91A54700EAB35E /* ActivityDetailViewController.swift */ = {isa = PBXFileReference; fileEncoding = 4; lastKnownFileType = sourcecode.swift; path = ActivityDetailViewController.swift; sourceTree = "<group>"; };
		20F0B2591B91A5AD00EAB35E /* ActivityDataManager.swift */ = {isa = PBXFileReference; fileEncoding = 4; lastKnownFileType = sourcecode.swift; path = ActivityDataManager.swift; sourceTree = "<group>"; };
		20F0B25B1B91A5DE00EAB35E /* ActivityTitleData.h */ = {isa = PBXFileReference; fileEncoding = 4; lastKnownFileType = sourcecode.c.h; path = ActivityTitleData.h; sourceTree = "<group>"; };
		20F0B25C1B91A5DE00EAB35E /* ActivityTitleData.m */ = {isa = PBXFileReference; fileEncoding = 4; lastKnownFileType = sourcecode.c.objc; path = ActivityTitleData.m; sourceTree = "<group>"; };
		20F0B25E1B91A9A400EAB35E /* ActivityTableViewCell.swift */ = {isa = PBXFileReference; fileEncoding = 4; lastKnownFileType = sourcecode.swift; path = ActivityTableViewCell.swift; sourceTree = "<group>"; };
		20F0B26E1B91F8B600EAB35E /* ActivityHeaderCell.swift */ = {isa = PBXFileReference; fileEncoding = 4; lastKnownFileType = sourcecode.swift; path = ActivityHeaderCell.swift; sourceTree = "<group>"; };
		2F54A3EF442581AB9F84B842 /* Pods.release.xcconfig */ = {isa = PBXFileReference; includeInIndex = 1; lastKnownFileType = text.xcconfig; name = Pods.release.xcconfig; path = "Pods/Target Support Files/Pods/Pods.release.xcconfig"; sourceTree = "<group>"; };
		5A868E28D20C255100210A4E /* Pods.debug.xcconfig */ = {isa = PBXFileReference; includeInIndex = 1; lastKnownFileType = text.xcconfig; name = Pods.debug.xcconfig; path = "Pods/Target Support Files/Pods/Pods.debug.xcconfig"; sourceTree = "<group>"; };
		E9203E2F1B5E761900C17F10 /* TJU120.app */ = {isa = PBXFileReference; explicitFileType = wrapper.application; includeInIndex = 0; path = TJU120.app; sourceTree = BUILT_PRODUCTS_DIR; };
		E9203E331B5E761900C17F10 /* Info.plist */ = {isa = PBXFileReference; lastKnownFileType = text.plist.xml; path = Info.plist; sourceTree = "<group>"; };
		E9203E341B5E761900C17F10 /* main.m */ = {isa = PBXFileReference; lastKnownFileType = sourcecode.c.objc; path = main.m; sourceTree = "<group>"; };
		E9203E361B5E761900C17F10 /* AppDelegate.h */ = {isa = PBXFileReference; lastKnownFileType = sourcecode.c.h; path = AppDelegate.h; sourceTree = "<group>"; };
		E9203E371B5E761900C17F10 /* AppDelegate.m */ = {isa = PBXFileReference; lastKnownFileType = sourcecode.c.objc; path = AppDelegate.m; sourceTree = "<group>"; };
		E9203E3D1B5E761900C17F10 /* Base */ = {isa = PBXFileReference; lastKnownFileType = file.storyboard; name = Base; path = Base.lproj/Main.storyboard; sourceTree = "<group>"; };
		E9203E3F1B5E761900C17F10 /* Images.xcassets */ = {isa = PBXFileReference; lastKnownFileType = folder.assetcatalog; path = Images.xcassets; sourceTree = "<group>"; };
		E9203E421B5E761900C17F10 /* Base */ = {isa = PBXFileReference; lastKnownFileType = file.xib; name = Base; path = Base.lproj/LaunchScreen.xib; sourceTree = "<group>"; };
		E9203E481B5E761900C17F10 /* TJU120Tests.xctest */ = {isa = PBXFileReference; explicitFileType = wrapper.cfbundle; includeInIndex = 0; path = TJU120Tests.xctest; sourceTree = BUILT_PRODUCTS_DIR; };
		E9203E4D1B5E761900C17F10 /* Info.plist */ = {isa = PBXFileReference; lastKnownFileType = text.plist.xml; path = Info.plist; sourceTree = "<group>"; };
		E9203E4E1B5E761900C17F10 /* TJU120Tests.m */ = {isa = PBXFileReference; lastKnownFileType = sourcecode.c.objc; path = TJU120Tests.m; sourceTree = "<group>"; };
		E9203E5D1B5E7C4E00C17F10 /* SystemConfiguration.framework */ = {isa = PBXFileReference; lastKnownFileType = wrapper.framework; name = SystemConfiguration.framework; path = System/Library/Frameworks/SystemConfiguration.framework; sourceTree = SDKROOT; };
		E9203E5F1B5E7CDF00C17F10 /* zh-Hans */ = {isa = PBXFileReference; lastKnownFileType = text.plist.strings; name = "zh-Hans"; path = "zh-Hans.lproj/LaunchScreen.strings"; sourceTree = "<group>"; };
		E9203E601B5E7CDF00C17F10 /* zh-Hans */ = {isa = PBXFileReference; lastKnownFileType = text.plist.strings; name = "zh-Hans"; path = "zh-Hans.lproj/Main.strings"; sourceTree = "<group>"; };
		E9203E611B5E7D1500C17F10 /* TJU120-Bridging-Header.h */ = {isa = PBXFileReference; lastKnownFileType = sourcecode.c.h; path = "TJU120-Bridging-Header.h"; sourceTree = "<group>"; };
		E9203E621B5E7D1500C17F10 /* TalkViewController.swift */ = {isa = PBXFileReference; fileEncoding = 4; lastKnownFileType = sourcecode.swift; path = TalkViewController.swift; sourceTree = "<group>"; };
		E9203E641B5E82B700C17F10 /* DonateViewController.swift */ = {isa = PBXFileReference; fileEncoding = 4; lastKnownFileType = sourcecode.swift; path = DonateViewController.swift; sourceTree = "<group>"; };
		E9203E671B5E87D400C17F10 /* data.h */ = {isa = PBXFileReference; fileEncoding = 4; lastKnownFileType = sourcecode.c.h; path = data.h; sourceTree = "<group>"; };
		E9203E681B5E87D400C17F10 /* data.m */ = {isa = PBXFileReference; fileEncoding = 4; lastKnownFileType = sourcecode.c.objc; path = data.m; sourceTree = "<group>"; };
		E9F2BFAE1B89BD3300C16F26 /* NewsTitleData.h */ = {isa = PBXFileReference; fileEncoding = 4; lastKnownFileType = sourcecode.c.h; path = NewsTitleData.h; sourceTree = "<group>"; };
		E9F2BFAF1B89BD3300C16F26 /* NewsTitleData.m */ = {isa = PBXFileReference; fileEncoding = 4; lastKnownFileType = sourcecode.c.objc; path = NewsTitleData.m; sourceTree = "<group>"; };
		E9F2BFB21B89BEA000C16F26 /* NewsTableViewController.swift */ = {isa = PBXFileReference; fileEncoding = 4; lastKnownFileType = sourcecode.swift; path = NewsTableViewController.swift; sourceTree = "<group>"; };
		E9F2BFB51B89BF2C00C16F26 /* NewsDataManager.swift */ = {isa = PBXFileReference; fileEncoding = 4; lastKnownFileType = sourcecode.swift; path = NewsDataManager.swift; sourceTree = "<group>"; };
		E9F2BFB71B89C3FC00C16F26 /* MsgDisplay.swift */ = {isa = PBXFileReference; fileEncoding = 4; lastKnownFileType = sourcecode.swift; path = MsgDisplay.swift; sourceTree = "<group>"; };
		E9F2BFB91B89CD2500C16F26 /* NewsDetailViewController.swift */ = {isa = PBXFileReference; fileEncoding = 4; lastKnownFileType = sourcecode.swift; path = NewsDetailViewController.swift; sourceTree = "<group>"; };
		E9F2BFBB1B89CDAD00C16F26 /* bootstrap.css */ = {isa = PBXFileReference; fileEncoding = 4; lastKnownFileType = text.css; path = bootstrap.css; sourceTree = "<group>"; };
		E9F2BFBC1B89CDAD00C16F26 /* bootstrap.min.js */ = {isa = PBXFileReference; fileEncoding = 4; lastKnownFileType = sourcecode.javascript; path = bootstrap.min.js; sourceTree = "<group>"; };
		E9F2BFC41B89CDD100C16F26 /* FrontEndConvertor.swift */ = {isa = PBXFileReference; fileEncoding = 4; lastKnownFileType = sourcecode.swift; path = FrontEndConvertor.swift; sourceTree = "<group>"; };
		E9F2BFC61B89DC8900C16F26 /* NewsTableViewCell.swift */ = {isa = PBXFileReference; fileEncoding = 4; lastKnownFileType = sourcecode.swift; path = NewsTableViewCell.swift; sourceTree = "<group>"; };
		E9FE84741B8B158700482AE4 /* TabBarController.swift */ = {isa = PBXFileReference; fileEncoding = 4; lastKnownFileType = sourcecode.swift; path = TabBarController.swift; sourceTree = "<group>"; };
		E9FE84761B8B16E200482AE4 /* Localizable.strings */ = {isa = PBXFileReference; fileEncoding = 4; lastKnownFileType = text.plist.strings; path = Localizable.strings; sourceTree = "<group>"; };
/* End PBXFileReference section */

/* Begin PBXFrameworksBuildPhase section */
		E9203E2C1B5E761900C17F10 /* Frameworks */ = {
			isa = PBXFrameworksBuildPhase;
			buildActionMask = 2147483647;
			files = (
				E9203E5E1B5E7C4E00C17F10 /* SystemConfiguration.framework in Frameworks */,
				5B10E81804EC27269E9BA6C3 /* libPods.a in Frameworks */,
			);
			runOnlyForDeploymentPostprocessing = 0;
		};
		E9203E451B5E761900C17F10 /* Frameworks */ = {
			isa = PBXFrameworksBuildPhase;
			buildActionMask = 2147483647;
			files = (
			);
			runOnlyForDeploymentPostprocessing = 0;
		};
/* End PBXFrameworksBuildPhase section */

/* Begin PBXGroup section */
		20F0B2511B91A2F200EAB35E /* News */ = {
			isa = PBXGroup;
			children = (
				E9F2BFB91B89CD2500C16F26 /* NewsDetailViewController.swift */,
				E9F2BFB21B89BEA000C16F26 /* NewsTableViewController.swift */,
			);
			name = News;
			sourceTree = "<group>";
		};
		20F0B2521B91A30200EAB35E /* Talk */ = {
			isa = PBXGroup;
			children = (
				E9203E621B5E7D1500C17F10 /* TalkViewController.swift */,
			);
			name = Talk;
			sourceTree = "<group>";
		};
		20F0B2531B91A30E00EAB35E /* Donate */ = {
			isa = PBXGroup;
			children = (
				E9203E641B5E82B700C17F10 /* DonateViewController.swift */,
			);
			name = Donate;
			sourceTree = "<group>";
		};
		20F0B2541B91A33100EAB35E /* Activity */ = {
			isa = PBXGroup;
			children = (
				20F0B2551B91A36900EAB35E /* ActivityTableViewController.swift */,
				20F0B2571B91A54700EAB35E /* ActivityDetailViewController.swift */,
			);
			name = Activity;
			sourceTree = "<group>";
		};
		CDF3A897738923E44A28F80A /* Pods */ = {
			isa = PBXGroup;
			children = (
				5A868E28D20C255100210A4E /* Pods.debug.xcconfig */,
				2F54A3EF442581AB9F84B842 /* Pods.release.xcconfig */,
			);
			name = Pods;
			sourceTree = "<group>";
		};
		E9203E261B5E761900C17F10 = {
			isa = PBXGroup;
			children = (
				E9203E311B5E761900C17F10 /* TJU120 */,
				E9203E4B1B5E761900C17F10 /* TJU120Tests */,
				E9203E301B5E761900C17F10 /* Products */,
				CDF3A897738923E44A28F80A /* Pods */,
				FF1BCC3B4ACC76FF18E51365 /* Frameworks */,
			);
			sourceTree = "<group>";
		};
		E9203E301B5E761900C17F10 /* Products */ = {
			isa = PBXGroup;
			children = (
				E9203E2F1B5E761900C17F10 /* TJU120.app */,
				E9203E481B5E761900C17F10 /* TJU120Tests.xctest */,
			);
			name = Products;
			sourceTree = "<group>";
		};
		E9203E311B5E761900C17F10 /* TJU120 */ = {
			isa = PBXGroup;
			children = (
				E9203E5B1B5E766E00C17F10 /* Main */,
				E9203E581B5E765F00C17F10 /* Model */,
				E9203E591B5E766400C17F10 /* View */,
				E9203E5A1B5E766800C17F10 /* Controller */,
				E9203E5C1B5E769400C17F10 /* Resource */,
			);
			path = TJU120;
			sourceTree = "<group>";
		};
		E9203E321B5E761900C17F10 /* Supporting Files */ = {
			isa = PBXGroup;
			children = (
				E9FE84761B8B16E200482AE4 /* Localizable.strings */,
				E9203E331B5E761900C17F10 /* Info.plist */,
				E9203E341B5E761900C17F10 /* main.m */,
			);
			name = "Supporting Files";
			sourceTree = "<group>";
		};
		E9203E4B1B5E761900C17F10 /* TJU120Tests */ = {
			isa = PBXGroup;
			children = (
				E9203E4E1B5E761900C17F10 /* TJU120Tests.m */,
				E9203E4C1B5E761900C17F10 /* Supporting Files */,
			);
			path = TJU120Tests;
			sourceTree = "<group>";
		};
		E9203E4C1B5E761900C17F10 /* Supporting Files */ = {
			isa = PBXGroup;
			children = (
				E9203E4D1B5E761900C17F10 /* Info.plist */,
			);
			name = "Supporting Files";
			sourceTree = "<group>";
		};
		E9203E581B5E765F00C17F10 /* Model */ = {
			isa = PBXGroup;
			children = (
				E9F2BFC41B89CDD100C16F26 /* FrontEndConvertor.swift */,
				E9F2BFB71B89C3FC00C16F26 /* MsgDisplay.swift */,
				E9F2BFB11B89BE1E00C16F26 /* Data Model */,
				E9F2BFB41B89BF0B00C16F26 /* Data Manager */,
				E9203E661B5E87B300C17F10 /* Singleton */,
			);
			name = Model;
			sourceTree = "<group>";
		};
		E9203E591B5E766400C17F10 /* View */ = {
			isa = PBXGroup;
			children = (
				E9F2BFC61B89DC8900C16F26 /* NewsTableViewCell.swift */,
				20F0B25E1B91A9A400EAB35E /* ActivityTableViewCell.swift */,
				20F0B26E1B91F8B600EAB35E /* ActivityHeaderCell.swift */,
			);
			name = View;
			sourceTree = "<group>";
		};
		E9203E5A1B5E766800C17F10 /* Controller */ = {
			isa = PBXGroup;
			children = (
				E9203E3C1B5E761900C17F10 /* Main.storyboard */,
				E9FE84741B8B158700482AE4 /* TabBarController.swift */,
				20F0B2541B91A33100EAB35E /* Activity */,
				20F0B2521B91A30200EAB35E /* Talk */,
				20F0B2511B91A2F200EAB35E /* News */,
				20F0B2531B91A30E00EAB35E /* Donate */,
			);
			name = Controller;
			sourceTree = "<group>";
		};
		E9203E5B1B5E766E00C17F10 /* Main */ = {
			isa = PBXGroup;
			children = (
				E9203E361B5E761900C17F10 /* AppDelegate.h */,
				E9203E371B5E761900C17F10 /* AppDelegate.m */,
				E9203E611B5E7D1500C17F10 /* TJU120-Bridging-Header.h */,
				E9203E411B5E761900C17F10 /* LaunchScreen.xib */,
				E9203E321B5E761900C17F10 /* Supporting Files */,
			);
			name = Main;
			sourceTree = "<group>";
		};
		E9203E5C1B5E769400C17F10 /* Resource */ = {
			isa = PBXGroup;
			children = (
				E9F2BFBB1B89CDAD00C16F26 /* bootstrap.css */,
				E9F2BFBC1B89CDAD00C16F26 /* bootstrap.min.js */,
				E9203E3F1B5E761900C17F10 /* Images.xcassets */,
			);
			name = Resource;
			sourceTree = "<group>";
		};
		E9203E661B5E87B300C17F10 /* Singleton */ = {
			isa = PBXGroup;
			children = (
				E9203E671B5E87D400C17F10 /* data.h */,
				E9203E681B5E87D400C17F10 /* data.m */,
			);
			name = Singleton;
			sourceTree = "<group>";
		};
		E9F2BFB11B89BE1E00C16F26 /* Data Model */ = {
			isa = PBXGroup;
			children = (
				E9F2BFAE1B89BD3300C16F26 /* NewsTitleData.h */,
				E9F2BFAF1B89BD3300C16F26 /* NewsTitleData.m */,
				20F0B25B1B91A5DE00EAB35E /* ActivityTitleData.h */,
				20F0B25C1B91A5DE00EAB35E /* ActivityTitleData.m */,
			);
			name = "Data Model";
			sourceTree = "<group>";
		};
		E9F2BFB41B89BF0B00C16F26 /* Data Manager */ = {
			isa = PBXGroup;
			children = (
				E9F2BFB51B89BF2C00C16F26 /* NewsDataManager.swift */,
				20F0B2591B91A5AD00EAB35E /* ActivityDataManager.swift */,
			);
			name = "Data Manager";
			sourceTree = "<group>";
		};
		FF1BCC3B4ACC76FF18E51365 /* Frameworks */ = {
			isa = PBXGroup;
			children = (
				E9203E5D1B5E7C4E00C17F10 /* SystemConfiguration.framework */,
				1CF3B7AC6B8688B3F2C46E97 /* libPods.a */,
			);
			name = Frameworks;
			sourceTree = "<group>";
		};
/* End PBXGroup section */

/* Begin PBXNativeTarget section */
		E9203E2E1B5E761900C17F10 /* TJU120 */ = {
			isa = PBXNativeTarget;
			buildConfigurationList = E9203E521B5E761900C17F10 /* Build configuration list for PBXNativeTarget "TJU120" */;
			buildPhases = (
				4F80A98A4F5D25DC3C3897E4 /* Check Pods Manifest.lock */,
				E9203E2B1B5E761900C17F10 /* Sources */,
				E9203E2C1B5E761900C17F10 /* Frameworks */,
				E9203E2D1B5E761900C17F10 /* Resources */,
				9F10EB81FA79DC68B3F3483B /* Copy Pods Resources */,
			);
			buildRules = (
			);
			dependencies = (
			);
			name = TJU120;
			productName = TJU120;
			productReference = E9203E2F1B5E761900C17F10 /* TJU120.app */;
			productType = "com.apple.product-type.application";
		};
		E9203E471B5E761900C17F10 /* TJU120Tests */ = {
			isa = PBXNativeTarget;
			buildConfigurationList = E9203E551B5E761900C17F10 /* Build configuration list for PBXNativeTarget "TJU120Tests" */;
			buildPhases = (
				E9203E441B5E761900C17F10 /* Sources */,
				E9203E451B5E761900C17F10 /* Frameworks */,
				E9203E461B5E761900C17F10 /* Resources */,
			);
			buildRules = (
			);
			dependencies = (
				E9203E4A1B5E761900C17F10 /* PBXTargetDependency */,
			);
			name = TJU120Tests;
			productName = TJU120Tests;
			productReference = E9203E481B5E761900C17F10 /* TJU120Tests.xctest */;
			productType = "com.apple.product-type.bundle.unit-test";
		};
/* End PBXNativeTarget section */

/* Begin PBXProject section */
		E9203E271B5E761900C17F10 /* Project object */ = {
			isa = PBXProject;
			attributes = {
				LastUpgradeCheck = 0640;
				ORGANIZATIONNAME = "TWT Studio";
				TargetAttributes = {
					E9203E2E1B5E761900C17F10 = {
						CreatedOnToolsVersion = 6.4;
					};
					E9203E471B5E761900C17F10 = {
						CreatedOnToolsVersion = 6.4;
						TestTargetID = E9203E2E1B5E761900C17F10;
					};
				};
			};
			buildConfigurationList = E9203E2A1B5E761900C17F10 /* Build configuration list for PBXProject "TJU120" */;
			compatibilityVersion = "Xcode 3.2";
			developmentRegion = English;
			hasScannedForEncodings = 0;
			knownRegions = (
				en,
				Base,
			);
			mainGroup = E9203E261B5E761900C17F10;
			productRefGroup = E9203E301B5E761900C17F10 /* Products */;
			projectDirPath = "";
			projectRoot = "";
			targets = (
				E9203E2E1B5E761900C17F10 /* TJU120 */,
				E9203E471B5E761900C17F10 /* TJU120Tests */,
			);
		};
/* End PBXProject section */

/* Begin PBXResourcesBuildPhase section */
		E9203E2D1B5E761900C17F10 /* Resources */ = {
			isa = PBXResourcesBuildPhase;
			buildActionMask = 2147483647;
			files = (
				E9203E3E1B5E761900C17F10 /* Main.storyboard in Resources */,
				E9FE84771B8B16E200482AE4 /* Localizable.strings in Resources */,
				E9203E431B5E761900C17F10 /* LaunchScreen.xib in Resources */,
				E9F2BFC21B89CDAD00C16F26 /* bootstrap.min.js in Resources */,
				E9F2BFC11B89CDAD00C16F26 /* bootstrap.css in Resources */,
				E9203E401B5E761900C17F10 /* Images.xcassets in Resources */,
			);
			runOnlyForDeploymentPostprocessing = 0;
		};
		E9203E461B5E761900C17F10 /* Resources */ = {
			isa = PBXResourcesBuildPhase;
			buildActionMask = 2147483647;
			files = (
			);
			runOnlyForDeploymentPostprocessing = 0;
		};
/* End PBXResourcesBuildPhase section */

/* Begin PBXShellScriptBuildPhase section */
		4F80A98A4F5D25DC3C3897E4 /* Check Pods Manifest.lock */ = {
			isa = PBXShellScriptBuildPhase;
			buildActionMask = 2147483647;
			files = (
			);
			inputPaths = (
			);
			name = "Check Pods Manifest.lock";
			outputPaths = (
			);
			runOnlyForDeploymentPostprocessing = 0;
			shellPath = /bin/sh;
			shellScript = "diff \"${PODS_ROOT}/../Podfile.lock\" \"${PODS_ROOT}/Manifest.lock\" > /dev/null\nif [[ $? != 0 ]] ; then\n    cat << EOM\nerror: The sandbox is not in sync with the Podfile.lock. Run 'pod install' or update your CocoaPods installation.\nEOM\n    exit 1\nfi\n";
			showEnvVarsInLog = 0;
		};
		9F10EB81FA79DC68B3F3483B /* Copy Pods Resources */ = {
			isa = PBXShellScriptBuildPhase;
			buildActionMask = 2147483647;
			files = (
			);
			inputPaths = (
			);
			name = "Copy Pods Resources";
			outputPaths = (
			);
			runOnlyForDeploymentPostprocessing = 0;
			shellPath = /bin/sh;
			shellScript = "\"${SRCROOT}/Pods/Target Support Files/Pods/Pods-resources.sh\"\n";
			showEnvVarsInLog = 0;
		};
/* End PBXShellScriptBuildPhase section */

/* Begin PBXSourcesBuildPhase section */
		E9203E2B1B5E761900C17F10 /* Sources */ = {
			isa = PBXSourcesBuildPhase;
			buildActionMask = 2147483647;
			files = (
				20F0B2581B91A54700EAB35E /* ActivityDetailViewController.swift in Sources */,
				E9203E691B5E87D400C17F10 /* data.m in Sources */,
				E9FE84751B8B158700482AE4 /* TabBarController.swift in Sources */,
				E9203E381B5E761900C17F10 /* AppDelegate.m in Sources */,
				E9F2BFC71B89DC8900C16F26 /* NewsTableViewCell.swift in Sources */,
				E9F2BFB61B89BF2C00C16F26 /* NewsDataManager.swift in Sources */,
				20F0B25A1B91A5AD00EAB35E /* ActivityDataManager.swift in Sources */,
				E9F2BFB81B89C3FC00C16F26 /* MsgDisplay.swift in Sources */,
				20F0B25F1B91A9A400EAB35E /* ActivityTableViewCell.swift in Sources */,
				E9F2BFBA1B89CD2500C16F26 /* NewsDetailViewController.swift in Sources */,
				20F0B25D1B91A5DE00EAB35E /* ActivityTitleData.m in Sources */,
				E9F2BFB01B89BD3300C16F26 /* NewsTitleData.m in Sources */,
				E9203E631B5E7D1500C17F10 /* TalkViewController.swift in Sources */,
				E9F2BFC51B89CDD100C16F26 /* FrontEndConvertor.swift in Sources */,
				20F0B26F1B91F8B600EAB35E /* ActivityHeaderCell.swift in Sources */,
				E9203E351B5E761900C17F10 /* main.m in Sources */,
				E9F2BFB31B89BEA000C16F26 /* NewsTableViewController.swift in Sources */,
				20F0B2561B91A36900EAB35E /* ActivityTableViewController.swift in Sources */,
				E9203E651B5E82B700C17F10 /* DonateViewController.swift in Sources */,
			);
			runOnlyForDeploymentPostprocessing = 0;
		};
		E9203E441B5E761900C17F10 /* Sources */ = {
			isa = PBXSourcesBuildPhase;
			buildActionMask = 2147483647;
			files = (
				E9203E4F1B5E761900C17F10 /* TJU120Tests.m in Sources */,
			);
			runOnlyForDeploymentPostprocessing = 0;
		};
/* End PBXSourcesBuildPhase section */

/* Begin PBXTargetDependency section */
		E9203E4A1B5E761900C17F10 /* PBXTargetDependency */ = {
			isa = PBXTargetDependency;
			target = E9203E2E1B5E761900C17F10 /* TJU120 */;
			targetProxy = E9203E491B5E761900C17F10 /* PBXContainerItemProxy */;
		};
/* End PBXTargetDependency section */

/* Begin PBXVariantGroup section */
		E9203E3C1B5E761900C17F10 /* Main.storyboard */ = {
			isa = PBXVariantGroup;
			children = (
				E9203E3D1B5E761900C17F10 /* Base */,
				E9203E601B5E7CDF00C17F10 /* zh-Hans */,
			);
			name = Main.storyboard;
			sourceTree = "<group>";
		};
		E9203E411B5E761900C17F10 /* LaunchScreen.xib */ = {
			isa = PBXVariantGroup;
			children = (
				E9203E421B5E761900C17F10 /* Base */,
				E9203E5F1B5E7CDF00C17F10 /* zh-Hans */,
			);
			name = LaunchScreen.xib;
			sourceTree = "<group>";
		};
/* End PBXVariantGroup section */

/* Begin XCBuildConfiguration section */
		E9203E501B5E761900C17F10 /* Debug */ = {
			isa = XCBuildConfiguration;
			buildSettings = {
				ALWAYS_SEARCH_USER_PATHS = NO;
				CLANG_CXX_LANGUAGE_STANDARD = "gnu++0x";
				CLANG_CXX_LIBRARY = "libc++";
				CLANG_ENABLE_MODULES = YES;
				CLANG_ENABLE_OBJC_ARC = YES;
				CLANG_WARN_BOOL_CONVERSION = YES;
				CLANG_WARN_CONSTANT_CONVERSION = YES;
				CLANG_WARN_DIRECT_OBJC_ISA_USAGE = YES_ERROR;
				CLANG_WARN_EMPTY_BODY = YES;
				CLANG_WARN_ENUM_CONVERSION = YES;
				CLANG_WARN_INT_CONVERSION = YES;
				CLANG_WARN_OBJC_ROOT_CLASS = YES_ERROR;
				CLANG_WARN_UNREACHABLE_CODE = YES;
				CLANG_WARN__DUPLICATE_METHOD_MATCH = YES;
				"CODE_SIGN_IDENTITY[sdk=iphoneos*]" = "iPhone Developer";
				COPY_PHASE_STRIP = NO;
				DEBUG_INFORMATION_FORMAT = "dwarf-with-dsym";
				ENABLE_STRICT_OBJC_MSGSEND = YES;
				GCC_C_LANGUAGE_STANDARD = gnu99;
				GCC_DYNAMIC_NO_PIC = NO;
				GCC_NO_COMMON_BLOCKS = YES;
				GCC_OPTIMIZATION_LEVEL = 0;
				GCC_PREPROCESSOR_DEFINITIONS = (
					"DEBUG=1",
					"$(inherited)",
				);
				GCC_SYMBOLS_PRIVATE_EXTERN = NO;
				GCC_WARN_64_TO_32_BIT_CONVERSION = YES;
				GCC_WARN_ABOUT_RETURN_TYPE = YES_ERROR;
				GCC_WARN_UNDECLARED_SELECTOR = YES;
				GCC_WARN_UNINITIALIZED_AUTOS = YES_AGGRESSIVE;
				GCC_WARN_UNUSED_FUNCTION = YES;
				GCC_WARN_UNUSED_VARIABLE = YES;
				IPHONEOS_DEPLOYMENT_TARGET = 8.0;
				MTL_ENABLE_DEBUG_INFO = YES;
				ONLY_ACTIVE_ARCH = YES;
				SDKROOT = iphoneos;
				TARGETED_DEVICE_FAMILY = "1,2";
			};
			name = Debug;
		};
		E9203E511B5E761900C17F10 /* Release */ = {
			isa = XCBuildConfiguration;
			buildSettings = {
				ALWAYS_SEARCH_USER_PATHS = NO;
				CLANG_CXX_LANGUAGE_STANDARD = "gnu++0x";
				CLANG_CXX_LIBRARY = "libc++";
				CLANG_ENABLE_MODULES = YES;
				CLANG_ENABLE_OBJC_ARC = YES;
				CLANG_WARN_BOOL_CONVERSION = YES;
				CLANG_WARN_CONSTANT_CONVERSION = YES;
				CLANG_WARN_DIRECT_OBJC_ISA_USAGE = YES_ERROR;
				CLANG_WARN_EMPTY_BODY = YES;
				CLANG_WARN_ENUM_CONVERSION = YES;
				CLANG_WARN_INT_CONVERSION = YES;
				CLANG_WARN_OBJC_ROOT_CLASS = YES_ERROR;
				CLANG_WARN_UNREACHABLE_CODE = YES;
				CLANG_WARN__DUPLICATE_METHOD_MATCH = YES;
				"CODE_SIGN_IDENTITY[sdk=iphoneos*]" = "iPhone Developer";
				COPY_PHASE_STRIP = NO;
				DEBUG_INFORMATION_FORMAT = "dwarf-with-dsym";
				ENABLE_NS_ASSERTIONS = NO;
				ENABLE_STRICT_OBJC_MSGSEND = YES;
				GCC_C_LANGUAGE_STANDARD = gnu99;
				GCC_NO_COMMON_BLOCKS = YES;
				GCC_WARN_64_TO_32_BIT_CONVERSION = YES;
				GCC_WARN_ABOUT_RETURN_TYPE = YES_ERROR;
				GCC_WARN_UNDECLARED_SELECTOR = YES;
				GCC_WARN_UNINITIALIZED_AUTOS = YES_AGGRESSIVE;
				GCC_WARN_UNUSED_FUNCTION = YES;
				GCC_WARN_UNUSED_VARIABLE = YES;
				IPHONEOS_DEPLOYMENT_TARGET = 8.0;
				MTL_ENABLE_DEBUG_INFO = NO;
				SDKROOT = iphoneos;
				TARGETED_DEVICE_FAMILY = "1,2";
				VALIDATE_PRODUCT = YES;
			};
			name = Release;
		};
		E9203E531B5E761900C17F10 /* Debug */ = {
			isa = XCBuildConfiguration;
			baseConfigurationReference = 5A868E28D20C255100210A4E /* Pods.debug.xcconfig */;
			buildSettings = {
				ASSETCATALOG_COMPILER_APPICON_NAME = AppIcon;
				CLANG_ENABLE_MODULES = YES;
				INFOPLIST_FILE = TJU120/Info.plist;
				LD_RUNPATH_SEARCH_PATHS = "$(inherited) @executable_path/Frameworks";
				LIBRARY_SEARCH_PATHS = (
					"$(inherited)",
					"$(PROJECT_DIR)/TJU120/WXSDK",
				);
				PRODUCT_NAME = "$(TARGET_NAME)";
				SWIFT_OBJC_BRIDGING_HEADER = "TJU120/TJU120-Bridging-Header.h";
				SWIFT_OPTIMIZATION_LEVEL = "-Onone";
			};
			name = Debug;
		};
		E9203E541B5E761900C17F10 /* Release */ = {
			isa = XCBuildConfiguration;
			baseConfigurationReference = 2F54A3EF442581AB9F84B842 /* Pods.release.xcconfig */;
			buildSettings = {
				ASSETCATALOG_COMPILER_APPICON_NAME = AppIcon;
				CLANG_ENABLE_MODULES = YES;
				INFOPLIST_FILE = TJU120/Info.plist;
				LD_RUNPATH_SEARCH_PATHS = "$(inherited) @executable_path/Frameworks";
				LIBRARY_SEARCH_PATHS = (
					"$(inherited)",
					"$(PROJECT_DIR)/TJU120/WXSDK",
				);
				PRODUCT_NAME = "$(TARGET_NAME)";
				SWIFT_OBJC_BRIDGING_HEADER = "TJU120/TJU120-Bridging-Header.h";
			};
			name = Release;
		};
		E9203E561B5E761900C17F10 /* Debug */ = {
			isa = XCBuildConfiguration;
			buildSettings = {
				BUNDLE_LOADER = "$(TEST_HOST)";
				FRAMEWORK_SEARCH_PATHS = (
					"$(SDKROOT)/Developer/Library/Frameworks",
					"$(inherited)",
				);
				GCC_PREPROCESSOR_DEFINITIONS = (
					"DEBUG=1",
					"$(inherited)",
				);
				INFOPLIST_FILE = TJU120Tests/Info.plist;
				LD_RUNPATH_SEARCH_PATHS = "$(inherited) @executable_path/Frameworks @loader_path/Frameworks";
				PRODUCT_NAME = "$(TARGET_NAME)";
				TEST_HOST = "$(BUILT_PRODUCTS_DIR)/TJU120.app/TJU120";
			};
			name = Debug;
		};
		E9203E571B5E761900C17F10 /* Release */ = {
			isa = XCBuildConfiguration;
			buildSettings = {
				BUNDLE_LOADER = "$(TEST_HOST)";
				FRAMEWORK_SEARCH_PATHS = (
					"$(SDKROOT)/Developer/Library/Frameworks",
					"$(inherited)",
				);
				INFOPLIST_FILE = TJU120Tests/Info.plist;
				LD_RUNPATH_SEARCH_PATHS = "$(inherited) @executable_path/Frameworks @loader_path/Frameworks";
				PRODUCT_NAME = "$(TARGET_NAME)";
				TEST_HOST = "$(BUILT_PRODUCTS_DIR)/TJU120.app/TJU120";
			};
			name = Release;
		};
/* End XCBuildConfiguration section */

/* Begin XCConfigurationList section */
		E9203E2A1B5E761900C17F10 /* Build configuration list for PBXProject "TJU120" */ = {
			isa = XCConfigurationList;
			buildConfigurations = (
				E9203E501B5E761900C17F10 /* Debug */,
				E9203E511B5E761900C17F10 /* Release */,
			);
			defaultConfigurationIsVisible = 0;
			defaultConfigurationName = Release;
		};
		E9203E521B5E761900C17F10 /* Build configuration list for PBXNativeTarget "TJU120" */ = {
			isa = XCConfigurationList;
			buildConfigurations = (
				E9203E531B5E761900C17F10 /* Debug */,
				E9203E541B5E761900C17F10 /* Release */,
			);
			defaultConfigurationIsVisible = 0;
			defaultConfigurationName = Release;
		};
		E9203E551B5E761900C17F10 /* Build configuration list for PBXNativeTarget "TJU120Tests" */ = {
			isa = XCConfigurationList;
			buildConfigurations = (
				E9203E561B5E761900C17F10 /* Debug */,
				E9203E571B5E761900C17F10 /* Release */,
			);
			defaultConfigurationIsVisible = 0;
			defaultConfigurationName = Release;
		};
/* End XCConfigurationList section */
	};
	rootObject = E9203E271B5E761900C17F10 /* Project object */;
}
